// !$*UTF8*$!
{
	archiveVersion = 1;
	classes = {
	};
	objectVersion = 77;
	objects = {

/* Begin PBXContainerItemProxy section */
		278D02012EBDB92200A1DFFD /* PBXContainerItemProxy */ = {
			isa = PBXContainerItemProxy;
			containerPortal = 278D01EB2EBDB92100A1DFFD /* Project object */;
			proxyType = 1;
			remoteGlobalIDString = 278D01F22EBDB92100A1DFFD;
			remoteInfo = Treehole;
		};
		278D020B2EBDB92200A1DFFD /* PBXContainerItemProxy */ = {
			isa = PBXContainerItemProxy;
			containerPortal = 278D01EB2EBDB92100A1DFFD /* Project object */;
			proxyType = 1;
			remoteGlobalIDString = 278D01F22EBDB92100A1DFFD;
			remoteInfo = Treehole;
		};
/* End PBXContainerItemProxy section */

/* Begin PBXFileReference section */
		278D01F32EBDB92100A1DFFD /* Treehole.app */ = {isa = PBXFileReference; explicitFileType = wrapper.application; includeInIndex = 0; path = Treehole.app; sourceTree = BUILT_PRODUCTS_DIR; };
		278D02002EBDB92200A1DFFD /* TreeholeTests.xctest */ = {isa = PBXFileReference; explicitFileType = wrapper.cfbundle; includeInIndex = 0; path = TreeholeTests.xctest; sourceTree = BUILT_PRODUCTS_DIR; };
		278D020A2EBDB92200A1DFFD /* TreeholeUITests.xctest */ = {isa = PBXFileReference; explicitFileType = wrapper.cfbundle; includeInIndex = 0; path = TreeholeUITests.xctest; sourceTree = BUILT_PRODUCTS_DIR; };
/* End PBXFileReference section */

/* Begin PBXFileSystemSynchronizedRootGroup section */
		278D01F52EBDB92100A1DFFD /* Treehole */ = {
			isa = PBXFileSystemSynchronizedRootGroup;
			path = Treehole;
			sourceTree = "<group>";
		};
		278D02032EBDB92200A1DFFD /* TreeholeTests */ = {
			isa = PBXFileSystemSynchronizedRootGroup;
			path = TreeholeTests;
			sourceTree = "<group>";
		};
		278D020D2EBDB92200A1DFFD /* TreeholeUITests */ = {
			isa = PBXFileSystemSynchronizedRootGroup;
			path = TreeholeUITests;
			sourceTree = "<group>";
		};
/* End PBXFileSystemSynchronizedRootGroup section */

/* Begin PBXFrameworksBuildPhase section */
		278D01F02EBDB92100A1DFFD /* Frameworks */ = {
			isa = PBXFrameworksBuildPhase;
			buildActionMask = 2147483647;
			files = (
			);
			runOnlyForDeploymentPostprocessing = 0;
		};
		278D01FD2EBDB92200A1DFFD /* Frameworks */ = {
			isa = PBXFrameworksBuildPhase;
			buildActionMask = 2147483647;
			files = (
			);
			runOnlyForDeploymentPostprocessing = 0;
		};
		278D02072EBDB92200A1DFFD /* Frameworks */ = {
			isa = PBXFrameworksBuildPhase;
			buildActionMask = 2147483647;
			files = (
			);
			runOnlyForDeploymentPostprocessing = 0;
		};
/* End PBXFrameworksBuildPhase section */

/* Begin PBXGroup section */
		278D01EA2EBDB92100A1DFFD = {
			isa = PBXGroup;
			children = (
				278D01F52EBDB92100A1DFFD /* Treehole */,
				278D02032EBDB92200A1DFFD /* TreeholeTests */,
				278D020D2EBDB92200A1DFFD /* TreeholeUITests */,
				278D01F42EBDB92100A1DFFD /* Products */,
			);
			sourceTree = "<group>";
		};
		278D01F42EBDB92100A1DFFD /* Products */ = {
			isa = PBXGroup;
			children = (
				278D01F32EBDB92100A1DFFD /* Treehole.app */,
				278D02002EBDB92200A1DFFD /* TreeholeTests.xctest */,
				278D020A2EBDB92200A1DFFD /* TreeholeUITests.xctest */,
			);
			name = Products;
			sourceTree = "<group>";
		};
/* End PBXGroup section */

/* Begin PBXNativeTarget section */
		278D01F22EBDB92100A1DFFD /* Treehole */ = {
			isa = PBXNativeTarget;
			buildConfigurationList = 278D02142EBDB92200A1DFFD /* Build configuration list for PBXNativeTarget "Treehole" */;
			buildPhases = (
				278D01EF2EBDB92100A1DFFD /* Sources */,
				278D01F02EBDB92100A1DFFD /* Frameworks */,
				278D01F12EBDB92100A1DFFD /* Resources */,
			);
			buildRules = (
			);
			dependencies = (
			);
			fileSystemSynchronizedGroups = (
				278D01F52EBDB92100A1DFFD /* Treehole */,
			);
			name = Treehole;
			packageProductDependencies = (
			);
			productName = Treehole;
			productReference = 278D01F32EBDB92100A1DFFD /* Treehole.app */;
			productType = "com.apple.product-type.application";
		};
		278D01FF2EBDB92200A1DFFD /* TreeholeTests */ = {
			isa = PBXNativeTarget;
			buildConfigurationList = 278D02172EBDB92200A1DFFD /* Build configuration list for PBXNativeTarget "TreeholeTests" */;
			buildPhases = (
				278D01FC2EBDB92200A1DFFD /* Sources */,
				278D01FD2EBDB92200A1DFFD /* Frameworks */,
				278D01FE2EBDB92200A1DFFD /* Resources */,
			);
			buildRules = (
			);
			dependencies = (
				278D02022EBDB92200A1DFFD /* PBXTargetDependency */,
			);
			fileSystemSynchronizedGroups = (
				278D02032EBDB92200A1DFFD /* TreeholeTests */,
			);
			name = TreeholeTests;
			packageProductDependencies = (
			);
			productName = TreeholeTests;
			productReference = 278D02002EBDB92200A1DFFD /* TreeholeTests.xctest */;
			productType = "com.apple.product-type.bundle.unit-test";
		};
		278D02092EBDB92200A1DFFD /* TreeholeUITests */ = {
			isa = PBXNativeTarget;
			buildConfigurationList = 278D021A2EBDB92200A1DFFD /* Build configuration list for PBXNativeTarget "TreeholeUITests" */;
			buildPhases = (
				278D02062EBDB92200A1DFFD /* Sources */,
				278D02072EBDB92200A1DFFD /* Frameworks */,
				278D02082EBDB92200A1DFFD /* Resources */,
			);
			buildRules = (
			);
			dependencies = (
				278D020C2EBDB92200A1DFFD /* PBXTargetDependency */,
			);
			fileSystemSynchronizedGroups = (
				278D020D2EBDB92200A1DFFD /* TreeholeUITests */,
			);
			name = TreeholeUITests;
			packageProductDependencies = (
			);
			productName = TreeholeUITests;
			productReference = 278D020A2EBDB92200A1DFFD /* TreeholeUITests.xctest */;
			productType = "com.apple.product-type.bundle.ui-testing";
		};
/* End PBXNativeTarget section */

/* Begin PBXProject section */
		278D01EB2EBDB92100A1DFFD /* Project object */ = {
			isa = PBXProject;
			attributes = {
				BuildIndependentTargetsInParallel = 1;
				LastSwiftUpdateCheck = 2610;
				LastUpgradeCheck = 2640;
				TargetAttributes = {
					278D01F22EBDB92100A1DFFD = {
						CreatedOnToolsVersion = 26.1;
					};
					278D01FF2EBDB92200A1DFFD = {
						CreatedOnToolsVersion = 26.1;
						TestTargetID = 278D01F22EBDB92100A1DFFD;
					};
					278D02092EBDB92200A1DFFD = {
						CreatedOnToolsVersion = 26.1;
						TestTargetID = 278D01F22EBDB92100A1DFFD;
					};
				};
			};
			buildConfigurationList = 278D01EE2EBDB92100A1DFFD /* Build configuration list for PBXProject "Treehole" */;
			developmentRegion = en;
			hasScannedForEncodings = 0;
			knownRegions = (
				en,
				Base,
			);
			mainGroup = 278D01EA2EBDB92100A1DFFD;
			minimizedProjectReferenceProxies = 1;
			preferredProjectObjectVersion = 77;
			productRefGroup = 278D01F42EBDB92100A1DFFD /* Products */;
			projectDirPath = "";
			projectRoot = "";
			targets = (
				278D01F22EBDB92100A1DFFD /* Treehole */,
				278D01FF2EBDB92200A1DFFD /* TreeholeTests */,
				278D02092EBDB92200A1DFFD /* TreeholeUITests */,
			);
		};
/* End PBXProject section */

/* Begin PBXResourcesBuildPhase section */
		278D01F12EBDB92100A1DFFD /* Resources */ = {
			isa = PBXResourcesBuildPhase;
			buildActionMask = 2147483647;
			files = (
			);
			runOnlyForDeploymentPostprocessing = 0;
		};
		278D01FE2EBDB92200A1DFFD /* Resources */ = {
			isa = PBXResourcesBuildPhase;
			buildActionMask = 2147483647;
			files = (
			);
			runOnlyForDeploymentPostprocessing = 0;
		};
		278D02082EBDB92200A1DFFD /* Resources */ = {
			isa = PBXResourcesBuildPhase;
			buildActionMask = 2147483647;
			files = (
			);
			runOnlyForDeploymentPostprocessing = 0;
		};
/* End PBXResourcesBuildPhase section */

/* Begin PBXSourcesBuildPhase section */
		278D01EF2EBDB92100A1DFFD /* Sources */ = {
			isa = PBXSourcesBuildPhase;
			buildActionMask = 2147483647;
			files = (
			);
			runOnlyForDeploymentPostprocessing = 0;
		};
		278D01FC2EBDB92200A1DFFD /* Sources */ = {
			isa = PBXSourcesBuildPhase;
			buildActionMask = 2147483647;
			files = (
			);
			runOnlyForDeploymentPostprocessing = 0;
		};
		278D02062EBDB92200A1DFFD /* Sources */ = {
			isa = PBXSourcesBuildPhase;
			buildActionMask = 2147483647;
			files = (
			);
			runOnlyForDeploymentPostprocessing = 0;
		};
/* End PBXSourcesBuildPhase section */

/* Begin PBXTargetDependency section */
		278D02022EBDB92200A1DFFD /* PBXTargetDependency */ = {
			isa = PBXTargetDependency;
			target = 278D01F22EBDB92100A1DFFD /* Treehole */;
			targetProxy = 278D02012EBDB92200A1DFFD /* PBXContainerItemProxy */;
		};
		278D020C2EBDB92200A1DFFD /* PBXTargetDependency */ = {
			isa = PBXTargetDependency;
			target = 278D01F22EBDB92100A1DFFD /* Treehole */;
			targetProxy = 278D020B2EBDB92200A1DFFD /* PBXContainerItemProxy */;
		};
/* End PBXTargetDependency section */

/* Begin XCBuildConfiguration section */
		278D02122EBDB92200A1DFFD /* Debug */ = {
			isa = XCBuildConfiguration;
			buildSettings = {
				ALWAYS_SEARCH_USER_PATHS = NO;
				ASSETCATALOG_COMPILER_GENERATE_SWIFT_ASSET_SYMBOL_EXTENSIONS = YES;
				CLANG_ANALYZER_NONNULL = YES;
				CLANG_ANALYZER_NUMBER_OBJECT_CONVERSION = YES_AGGRESSIVE;
				CLANG_CXX_LANGUAGE_STANDARD = "gnu++20";
				CLANG_ENABLE_MODULES = YES;
				CLANG_ENABLE_OBJC_ARC = YES;
				CLANG_ENABLE_OBJC_WEAK = YES;
				CLANG_WARN_BLOCK_CAPTURE_AUTORELEASING = YES;
				CLANG_WARN_BOOL_CONVERSION = YES;
				CLANG_WARN_COMMA = YES;
				CLANG_WARN_CONSTANT_CONVERSION = YES;
				CLANG_WARN_DEPRECATED_OBJC_IMPLEMENTATIONS = YES;
				CLANG_WARN_DIRECT_OBJC_ISA_USAGE = YES_ERROR;
				CLANG_WARN_DOCUMENTATION_COMMENTS = YES;
				CLANG_WARN_EMPTY_BODY = YES;
				CLANG_WARN_ENUM_CONVERSION = YES;
				CLANG_WARN_INFINITE_RECURSION = YES;
				CLANG_WARN_INT_CONVERSION = YES;
				CLANG_WARN_NON_LITERAL_NULL_CONVERSION = YES;
				CLANG_WARN_OBJC_IMPLICIT_RETAIN_SELF = YES;
				CLANG_WARN_OBJC_LITERAL_CONVERSION = YES;
				CLANG_WARN_OBJC_ROOT_CLASS = YES_ERROR;
				CLANG_WARN_QUOTED_INCLUDE_IN_FRAMEWORK_HEADER = YES;
				CLANG_WARN_RANGE_LOOP_ANALYSIS = YES;
				CLANG_WARN_STRICT_PROTOTYPES = YES;
				CLANG_WARN_SUSPICIOUS_MOVE = YES;
				CLANG_WARN_UNGUARDED_AVAILABILITY = YES_AGGRESSIVE;
				CLANG_WARN_UNREACHABLE_CODE = YES;
				CLANG_WARN__DUPLICATE_METHOD_MATCH = YES;
				COPY_PHASE_STRIP = NO;
				DEBUG_INFORMATION_FORMAT = dwarf;
				ENABLE_STRICT_OBJC_MSGSEND = YES;
				ENABLE_TESTABILITY = YES;
				ENABLE_USER_SCRIPT_SANDBOXING = YES;
				GCC_C_LANGUAGE_STANDARD = gnu17;
				GCC_DYNAMIC_NO_PIC = NO;
				GCC_NO_COMMON_BLOCKS = YES;
				GCC_OPTIMIZATION_LEVEL = 0;
				GCC_PREPROCESSOR_DEFINITIONS = (
					"DEBUG=1",
					"$(inherited)",
				);
				GCC_WARN_64_TO_32_BIT_CONVERSION = YES;
				GCC_WARN_ABOUT_RETURN_TYPE = YES_ERROR;
				GCC_WARN_UNDECLARED_SELECTOR = YES;
				GCC_WARN_UNINITIALIZED_AUTOS = YES_AGGRESSIVE;
				GCC_WARN_UNUSED_FUNCTION = YES;
				GCC_WARN_UNUSED_VARIABLE = YES;
				IPHONEOS_DEPLOYMENT_TARGET = 17.0;
				LOCALIZATION_PREFERS_STRING_CATALOGS = YES;
				MTL_ENABLE_DEBUG_INFO = INCLUDE_SOURCE;
				MTL_FAST_MATH = YES;
				ONLY_ACTIVE_ARCH = YES;
				SDKROOT = iphoneos;
				STRING_CATALOG_GENERATE_SYMBOLS = YES;
				SWIFT_ACTIVE_COMPILATION_CONDITIONS = "DEBUG $(inherited)";
				SWIFT_OPTIMIZATION_LEVEL = "-Onone";
			};
			name = Debug;
		};
		278D02132EBDB92200A1DFFD /* Release */ = {
			isa = XCBuildConfiguration;
			buildSettings = {
				ALWAYS_SEARCH_USER_PATHS = NO;
				ASSETCATALOG_COMPILER_GENERATE_SWIFT_ASSET_SYMBOL_EXTENSIONS = YES;
				CLANG_ANALYZER_NONNULL = YES;
				CLANG_ANALYZER_NUMBER_OBJECT_CONVERSION = YES_AGGRESSIVE;
				CLANG_CXX_LANGUAGE_STANDARD = "gnu++20";
				CLANG_ENABLE_MODULES = YES;
				CLANG_ENABLE_OBJC_ARC = YES;
				CLANG_ENABLE_OBJC_WEAK = YES;
				CLANG_WARN_BLOCK_CAPTURE_AUTORELEASING = YES;
				CLANG_WARN_BOOL_CONVERSION = YES;
				CLANG_WARN_COMMA = YES;
				CLANG_WARN_CONSTANT_CONVERSION = YES;
				CLANG_WARN_DEPRECATED_OBJC_IMPLEMENTATIONS = YES;
				CLANG_WARN_DIRECT_OBJC_ISA_USAGE = YES_ERROR;
				CLANG_WARN_DOCUMENTATION_COMMENTS = YES;
				CLANG_WARN_EMPTY_BODY = YES;
				CLANG_WARN_ENUM_CONVERSION = YES;
				CLANG_WARN_INFINITE_RECURSION = YES;
				CLANG_WARN_INT_CONVERSION = YES;
				CLANG_WARN_NON_LITERAL_NULL_CONVERSION = YES;
				CLANG_WARN_OBJC_IMPLICIT_RETAIN_SELF = YES;
				CLANG_WARN_OBJC_LITERAL_CONVERSION = YES;
				CLANG_WARN_OBJC_ROOT_CLASS = YES_ERROR;
				CLANG_WARN_QUOTED_INCLUDE_IN_FRAMEWORK_HEADER = YES;
				CLANG_WARN_RANGE_LOOP_ANALYSIS = YES;
				CLANG_WARN_STRICT_PROTOTYPES = YES;
				CLANG_WARN_SUSPICIOUS_MOVE = YES;
				CLANG_WARN_UNGUARDED_AVAILABILITY = YES_AGGRESSIVE;
				CLANG_WARN_UNREACHABLE_CODE = YES;
				CLANG_WARN__DUPLICATE_METHOD_MATCH = YES;
				COPY_PHASE_STRIP = NO;
				DEBUG_INFORMATION_FORMAT = "dwarf-with-dsym";
				ENABLE_NS_ASSERTIONS = NO;
				ENABLE_STRICT_OBJC_MSGSEND = YES;
				ENABLE_USER_SCRIPT_SANDBOXING = YES;
				GCC_C_LANGUAGE_STANDARD = gnu17;
				GCC_NO_COMMON_BLOCKS = YES;
				GCC_WARN_64_TO_32_BIT_CONVERSION = YES;
				GCC_WARN_ABOUT_RETURN_TYPE = YES_ERROR;
				GCC_WARN_UNDECLARED_SELECTOR = YES;
				GCC_WARN_UNINITIALIZED_AUTOS = YES_AGGRESSIVE;
				GCC_WARN_UNUSED_FUNCTION = YES;
				GCC_WARN_UNUSED_VARIABLE = YES;
				IPHONEOS_DEPLOYMENT_TARGET = 17.0;
				LOCALIZATION_PREFERS_STRING_CATALOGS = YES;
				MTL_ENABLE_DEBUG_INFO = NO;
				MTL_FAST_MATH = YES;
				SDKROOT = iphoneos;
				STRING_CATALOG_GENERATE_SYMBOLS = YES;
				SWIFT_COMPILATION_MODE = wholemodule;
				VALIDATE_PRODUCT = YES;
			};
			name = Release;
		};
		278D02152EBDB92200A1DFFD /* Debug */ = {
			isa = XCBuildConfiguration;
			buildSettings = {
				ASSETCATALOG_COMPILER_APPICON_NAME = AppIcon;
				ASSETCATALOG_COMPILER_GLOBAL_ACCENT_COLOR_NAME = AccentColor;
				CODE_SIGN_ENTITLEMENTS = Treehole/Treehole.entitlements;
				CODE_SIGN_STYLE = Automatic;
				CURRENT_PROJECT_VERSION = 10;
				DEVELOPMENT_TEAM = 2X7NPHCVS7;
				ENABLE_PREVIEWS = YES;
				GENERATE_INFOPLIST_FILE = YES;
				INFOPLIST_KEY_ITSAppUsesNonExemptEncryption = NO;
				INFOPLIST_KEY_NSFaceIDUsageDescription = "Unlock your private clouds and journal entries";
				INFOPLIST_KEY_NSCameraUsageDescription = "Take photos to attach to journal entries";
				INFOPLIST_KEY_NSLocationWhenInUseUsageDescription = "Optionally tag journal entries with your location";
				INFOPLIST_KEY_NSMicrophoneUsageDescription = "Talk to your pet companion using voice";
				INFOPLIST_KEY_NSPhotoLibraryAddUsageDescription = "Save journal photos to your library";
				INFOPLIST_KEY_NSPhotoLibraryUsageDescription = "Attach photos to your journal entries";
				INFOPLIST_KEY_NSSpeechRecognitionUsageDescription = "Convert your speech to text for pet chat";
				INFOPLIST_KEY_UIApplicationSceneManifest_Generation = YES;
				INFOPLIST_KEY_UIApplicationSupportsIndirectInputEvents = YES;
				INFOPLIST_KEY_UIBackgroundModes = "remote-notification";
				INFOPLIST_KEY_UILaunchScreen_Generation = YES;
				INFOPLIST_KEY_UISupportedInterfaceOrientations_iPad = "UIInterfaceOrientationPortrait UIInterfaceOrientationPortraitUpsideDown UIInterfaceOrientationLandscapeLeft UIInterfaceOrientationLandscapeRight";
				INFOPLIST_KEY_UISupportedInterfaceOrientations_iPhone = "UIInterfaceOrientationPortrait UIInterfaceOrientationLandscapeLeft UIInterfaceOrientationLandscapeRight";
				LD_RUNPATH_SEARCH_PATHS = (
					"$(inherited)",
					"@executable_path/Frameworks",
				);
				MARKETING_VERSION = 1.0;
				PRODUCT_BUNDLE_IDENTIFIER = com.csquare04.Treehole;
				PRODUCT_NAME = "$(TARGET_NAME)";
				STRING_CATALOG_GENERATE_SYMBOLS = YES;
				SWIFT_APPROACHABLE_CONCURRENCY = YES;
				SWIFT_DEFAULT_ACTOR_ISOLATION = MainActor;
				SWIFT_EMIT_LOC_STRINGS = YES;
				SWIFT_UPCOMING_FEATURE_MEMBER_IMPORT_VISIBILITY = YES;
				SWIFT_VERSION = 5.0;
				TARGETED_DEVICE_FAMILY = "1,2";
			};
			name = Debug;
		};
		278D02162EBDB92200A1DFFD /* Release */ = {
			isa = XCBuildConfiguration;
			buildSettings = {
				ASSETCATALOG_COMPILER_APPICON_NAME = AppIcon;
				ASSETCATALOG_COMPILER_GLOBAL_ACCENT_COLOR_NAME = AccentColor;
				CODE_SIGN_ENTITLEMENTS = Treehole/Treehole.entitlements;
				CODE_SIGN_STYLE = Automatic;
				CURRENT_PROJECT_VERSION = 10;
				DEVELOPMENT_TEAM = 2X7NPHCVS7;
				ENABLE_PREVIEWS = YES;
				GENERATE_INFOPLIST_FILE = YES;
				INFOPLIST_KEY_ITSAppUsesNonExemptEncryption = NO;
				INFOPLIST_KEY_NSFaceIDUsageDescription = "Unlock your private clouds and journal entries";
				INFOPLIST_KEY_NSCameraUsageDescription = "Take photos to attach to journal entries";
				INFOPLIST_KEY_NSLocationWhenInUseUsageDescription = "Optionally tag journal entries with your location";
				INFOPLIST_KEY_NSMicrophoneUsageDescription = "Talk to your pet companion using voice";
				INFOPLIST_KEY_NSPhotoLibraryAddUsageDescription = "Save journal photos to your library";
				INFOPLIST_KEY_NSPhotoLibraryUsageDescription = "Attach photos to your journal entries";
				INFOPLIST_KEY_NSSpeechRecognitionUsageDescription = "Convert your speech to text for pet chat";
				INFOPLIST_KEY_UIApplicationSceneManifest_Generation = YES;
				INFOPLIST_KEY_UIApplicationSupportsIndirectInputEvents = YES;
				INFOPLIST_KEY_UIBackgroundModes = "remote-notification";
				INFOPLIST_KEY_UILaunchScreen_Generation = YES;
				INFOPLIST_KEY_UISupportedInterfaceOrientations_iPad = "UIInterfaceOrientationPortrait UIInterfaceOrientationPortraitUpsideDown UIInterfaceOrientationLandscapeLeft UIInterfaceOrientationLandscapeRight";
				INFOPLIST_KEY_UISupportedInterfaceOrientations_iPhone = "UIInterfaceOrientationPortrait UIInterfaceOrientationLandscapeLeft UIInterfaceOrientationLandscapeRight";
				LD_RUNPATH_SEARCH_PATHS = (
					"$(inherited)",
					"@executable_path/Frameworks",
				);
				MARKETING_VERSION = 1.0;
				PRODUCT_BUNDLE_IDENTIFIER = com.csquare04.Treehole;
				PRODUCT_NAME = "$(TARGET_NAME)";
				STRING_CATALOG_GENERATE_SYMBOLS = YES;
				SWIFT_APPROACHABLE_CONCURRENCY = YES;
				SWIFT_DEFAULT_ACTOR_ISOLATION = MainActor;
				SWIFT_EMIT_LOC_STRINGS = YES;
				SWIFT_UPCOMING_FEATURE_MEMBER_IMPORT_VISIBILITY = YES;
				SWIFT_VERSION = 5.0;
				TARGETED_DEVICE_FAMILY = "1,2";
			};
			name = Release;
		};
		278D02182EBDB92200A1DFFD /* Debug */ = {
			isa = XCBuildConfiguration;
			buildSettings = {
				BUNDLE_LOADER = "$(TEST_HOST)";
				CODE_SIGN_STYLE = Automatic;
				CURRENT_PROJECT_VERSION = 10;
				DEVELOPMENT_TEAM = 2X7NPHCVS7;
				GENERATE_INFOPLIST_FILE = YES;
				IPHONEOS_DEPLOYMENT_TARGET = 17.0;
				MARKETING_VERSION = 1.0;
				PRODUCT_BUNDLE_IDENTIFIER = com.csquare04.TreeholeTests;
				PRODUCT_NAME = "$(TARGET_NAME)";
				STRING_CATALOG_GENERATE_SYMBOLS = NO;
				SWIFT_APPROACHABLE_CONCURRENCY = YES;
				SWIFT_EMIT_LOC_STRINGS = NO;
				SWIFT_UPCOMING_FEATURE_MEMBER_IMPORT_VISIBILITY = YES;
				SWIFT_VERSION = 5.0;
				TARGETED_DEVICE_FAMILY = "1,2";
				TEST_HOST = "$(BUILT_PRODUCTS_DIR)/Treehole.app/$(BUNDLE_EXECUTABLE_FOLDER_PATH)/Treehole";
			};
			name = Debug;
		};
		278D02192EBDB92200A1DFFD /* Release */ = {
			isa = XCBuildConfiguration;
			buildSettings = {
				BUNDLE_LOADER = "$(TEST_HOST)";
				CODE_SIGN_STYLE = Automatic;
				CURRENT_PROJECT_VERSION = 10;
				DEVELOPMENT_TEAM = 2X7NPHCVS7;
				GENERATE_INFOPLIST_FILE = YES;
				IPHONEOS_DEPLOYMENT_TARGET = 17.0;
				MARKETING_VERSION = 1.0;
				PRODUCT_BUNDLE_IDENTIFIER = com.csquare04.TreeholeTests;
				PRODUCT_NAME = "$(TARGET_NAME)";
				STRING_CATALOG_GENERATE_SYMBOLS = NO;
				SWIFT_APPROACHABLE_CONCURRENCY = YES;
				SWIFT_EMIT_LOC_STRINGS = NO;
				SWIFT_UPCOMING_FEATURE_MEMBER_IMPORT_VISIBILITY = YES;
				SWIFT_VERSION = 5.0;
				TARGETED_DEVICE_FAMILY = "1,2";
				TEST_HOST = "$(BUILT_PRODUCTS_DIR)/Treehole.app/$(BUNDLE_EXECUTABLE_FOLDER_PATH)/Treehole";
			};
			name = Release;
		};
		278D021B2EBDB92200A1DFFD /* Debug */ = {
			isa = XCBuildConfiguration;
			buildSettings = {
				CODE_SIGN_STYLE = Automatic;
				CURRENT_PROJECT_VERSION = 10;
				DEVELOPMENT_TEAM = 2X7NPHCVS7;
				GENERATE_INFOPLIST_FILE = YES;
				MARKETING_VERSION = 1.0;
				PRODUCT_BUNDLE_IDENTIFIER = com.csquare04.TreeholeUITests;
				PRODUCT_NAME = "$(TARGET_NAME)";
				STRING_CATALOG_GENERATE_SYMBOLS = NO;
				SWIFT_APPROACHABLE_CONCURRENCY = YES;
				SWIFT_EMIT_LOC_STRINGS = NO;
				SWIFT_UPCOMING_FEATURE_MEMBER_IMPORT_VISIBILITY = YES;
				SWIFT_VERSION = 5.0;
				TARGETED_DEVICE_FAMILY = "1,2";
				TEST_TARGET_NAME = Treehole;
			};
			name = Debug;
		};
		278D021C2EBDB92200A1DFFD /* Release */ = {
			isa = XCBuildConfiguration;
			buildSettings = {
				CODE_SIGN_STYLE = Automatic;
				CURRENT_PROJECT_VERSION = 10;
				DEVELOPMENT_TEAM = 2X7NPHCVS7;
				GENERATE_INFOPLIST_FILE = YES;
				MARKETING_VERSION = 1.0;
				PRODUCT_BUNDLE_IDENTIFIER = com.csquare04.TreeholeUITests;
				PRODUCT_NAME = "$(TARGET_NAME)";
				STRING_CATALOG_GENERATE_SYMBOLS = NO;
				SWIFT_APPROACHABLE_CONCURRENCY = YES;
				SWIFT_EMIT_LOC_STRINGS = NO;
				SWIFT_UPCOMING_FEATURE_MEMBER_IMPORT_VISIBILITY = YES;
				SWIFT_VERSION = 5.0;
				TARGETED_DEVICE_FAMILY = "1,2";
				TEST_TARGET_NAME = Treehole;
			};
			name = Release;
		};
/* End XCBuildConfiguration section */

/* Begin XCConfigurationList section */
		278D01EE2EBDB92100A1DFFD /* Build configuration list for PBXProject "Treehole" */ = {
			isa = XCConfigurationList;
			buildConfigurations = (
				278D02122EBDB92200A1DFFD /* Debug */,
				278D02132EBDB92200A1DFFD /* Release */,
			);
			defaultConfigurationIsVisible = 0;
			defaultConfigurationName = Release;
		};
		278D02142EBDB92200A1DFFD /* Build configuration list for PBXNativeTarget "Treehole" */ = {
			isa = XCConfigurationList;
			buildConfigurations = (
				278D02152EBDB92200A1DFFD /* Debug */,
				278D02162EBDB92200A1DFFD /* Release */,
			);
			defaultConfigurationIsVisible = 0;
			defaultConfigurationName = Release;
		};
		278D02172EBDB92200A1DFFD /* Build configuration list for PBXNativeTarget "TreeholeTests" */ = {
			isa = XCConfigurationList;
			buildConfigurations = (
				278D02182EBDB92200A1DFFD /* Debug */,
				278D02192EBDB92200A1DFFD /* Release */,
			);
			defaultConfigurationIsVisible = 0;
			defaultConfigurationName = Release;
		};
		278D021A2EBDB92200A1DFFD /* Build configuration list for PBXNativeTarget "TreeholeUITests" */ = {
			isa = XCConfigurationList;
			buildConfigurations = (
				278D021B2EBDB92200A1DFFD /* Debug */,
				278D021C2EBDB92200A1DFFD /* Release */,
			);
			defaultConfigurationIsVisible = 0;
			defaultConfigurationName = Release;
		};
/* End XCConfigurationList section */
	};
	rootObject = 278D01EB2EBDB92100A1DFFD /* Project object */;
}
